
Microsoft Visual Studio Solution File, Format Version 12.00
# Visual Studio Version 16
VisualStudioVersion = 16.0.30011.22
MinimumVisualStudioVersion = 10.0.40219.1
Project("{9A19103F-16F7-4668-BE54-9A1E7A4F7556}") = "WebApp", "WebApp\WebApp.csproj", "{7F157BFA-1063-42D8-9E8A-6C74C7B630F5}"
EndProject
Project("{FAE04EC0-301F-11D3-BF4B-00C04F79EFBC}") = "WhereDoesItStart", "WhereDoesItStart\WhereDoesItStart.csproj", "{23C26454-BEA0-4080-B77E-F4D0338BAD24}"
EndProject
Project("{FAE04EC0-301F-11D3-BF4B-00C04F79EFBC}") = "WpfApp", "WpfApp\WpfApp.csproj", "{F5C53ADB-5A4E-4D8D-97F7-5070AF2CFCC0}"
EndProject
Global
	GlobalSection(SolutionConfigurationPlatforms) = preSolution
		Debug|Any CPU = Debug|Any CPU
		Release|Any CPU = Release|Any CPU
	EndGlobalSection
	GlobalSection(ProjectConfigurationPlatforms) = postSolution
		{7F157BFA-1063-42D8-9E8A-6C74C7B630F5}.Debug|Any CPU.ActiveCfg = Debug|Any CPU
		{7F157BFA-1063-42D8-9E8A-6C74C7B630F5}.Debug|Any CPU.Build.0 = Debug|Any CPU
		{7F157BFA-1063-42D8-9E8A-6C74C7B630F5}.Release|Any CPU.ActiveCfg = Release|Any CPU
		{7F157BFA-1063-42D8-9E8A-6C74C7B630F5}.Release|Any CPU.Build.0 = Release|Any CPU
		{23C26454-BEA0-4080-B77E-F4D0338BAD24}.Debug|Any CPU.ActiveCfg = Debug|Any CPU
		{23C26454-BEA0-4080-B77E-F4D0338BAD24}.Debug|Any CPU.Build.0 = Debug|Any CPU
		{23C26454-BEA0-4080-B77E-F4D0338BAD24}.Release|Any CPU.ActiveCfg = Release|Any CPU
		{23C26454-BEA0-4080-B77E-F4D0338BAD24}.Release|Any CPU.Build.0 = Release|Any CPU
		{F5C53ADB-5A4E-4D8D-97F7-5070AF2CFCC0}.Debug|Any CPU.ActiveCfg = Debug|Any CPU
		{F5C53ADB-5A4E-4D8D-97F7-5070AF2CFCC0}.Debug|Any CPU.Build.0 = Debug|Any CPU
		{F5C53ADB-5A4E-4D8D-97F7-5070AF2CFCC0}.Release|Any CPU.ActiveCfg = Release|Any CPU
		{F5C53ADB-5A4E-4D8D-97F7-5070AF2CFCC0}.Release|Any CPU.Build.0 = Release|Any CPU
	EndGlobalSection
	GlobalSection(SolutionProperties) = preSolution
		HideSolutionNode = FALSE
	EndGlobalSection
	GlobalSection(ExtensibilityGlobals) = postSolution
		SolutionGuid = {827DE696-34F9-410F-84C9-EF06D2337BA5}
	EndGlobalSection
EndGlobal
