
Microsoft Visual Studio Solution File, Format Version 12.00
# Visual Studio Version 16
VisualStudioVersion = 16.0.29905.134
MinimumVisualStudioVersion = 10.0.40219.1
Project("{FAE04EC0-301F-11D3-BF4B-00C04F79EFBC}") = "AsyncAwait", "AsyncAwait\AsyncAwait.csproj", "{7A02E0EA-683C-4C03-A721-AF94813F439C}"
EndProject
Global
	GlobalSection(SolutionConfigurationPlatforms) = preSolution
		Debug|Any CPU = Debug|Any CPU
		Release|Any CPU = Release|Any CPU
	EndGlobalSection
	GlobalSection(ProjectConfigurationPlatforms) = postSolution
		{7A02E0EA-683C-4C03-A721-AF94813F439C}.Debug|Any CPU.ActiveCfg = Debug|Any CPU
		{7A02E0EA-683C-4C03-A721-AF94813F439C}.Debug|Any CPU.Build.0 = Debug|Any CPU
		{7A02E0EA-683C-4C03-A721-AF94813F439C}.Release|Any CPU.ActiveCfg = Release|Any CPU
		{7A02E0EA-683C-4C03-A721-AF94813F439C}.Release|Any CPU.Build.0 = Release|Any CPU
	EndGlobalSection
	GlobalSection(SolutionProperties) = preSolution
		HideSolutionNode = FALSE
	EndGlobalSection
	GlobalSection(ExtensibilityGlobals) = postSolution
		SolutionGuid = {1A45E28A-9071-475F-9F30-1BD2163588E6}
	EndGlobalSection
EndGlobal
