
Microsoft Visual Studio Solution File, Format Version 12.00
# Visual Studio Version 16
VisualStudioVersion = 16.0.30011.22
MinimumVisualStudioVersion = 10.0.40219.1
Project("{FAE04EC0-301F-11D3-BF4B-00C04F79EFBC}") = "WebApp", "WebApp\WebApp.csproj", "{FB323F04-C6AE-41C2-9047-934BB7C297D0}"
EndProject
Global
	GlobalSection(SolutionConfigurationPlatforms) = preSolution
		Debug|Any CPU = Debug|Any CPU
		Release|Any CPU = Release|Any CPU
	EndGlobalSection
	GlobalSection(ProjectConfigurationPlatforms) = postSolution
		{FB323F04-C6AE-41C2-9047-934BB7C297D0}.Debug|Any CPU.ActiveCfg = Debug|Any CPU
		{FB323F04-C6AE-41C2-9047-934BB7C297D0}.Debug|Any CPU.Build.0 = Debug|Any CPU
		{FB323F04-C6AE-41C2-9047-934BB7C297D0}.Release|Any CPU.ActiveCfg = Release|Any CPU
		{FB323F04-C6AE-41C2-9047-934BB7C297D0}.Release|Any CPU.Build.0 = Release|Any CPU
	EndGlobalSection
	GlobalSection(SolutionProperties) = preSolution
		HideSolutionNode = FALSE
	EndGlobalSection
	GlobalSection(ExtensibilityGlobals) = postSolution
		SolutionGuid = {90DE1BA6-8E4D-4628-91DA-9A0665BD81EB}
	EndGlobalSection
EndGlobal
